
Microsoft Visual Studio Solution File, Format Version 12.00
# Visual Studio 14
VisualStudioVersion = 14.0.25420.1
MinimumVisualStudioVersion = 10.0.40219.1
Project("{8BC9CEB8-8B4A-11D0-8D11-00A0C91BC942}") = "extract_text_gui_tools", "extract_text_gui_tools.vcxproj", "{78622AE2-6C74-4A72-80D5-AC3AA11FC68B}"
EndProject
Global
	GlobalSection(SolutionConfigurationPlatforms) = preSolution
		Debug|x86 = Debug|x86
		Release|x86 = Release|x86
	EndGlobalSection
	GlobalSection(ProjectConfigurationPlatforms) = postSolution
		{78622AE2-6C74-4A72-80D5-AC3AA11FC68B}.Debug|x86.ActiveCfg = Debug|Win32
		{78622AE2-6C74-4A72-80D5-AC3AA11FC68B}.Debug|x86.Build.0 = Debug|Win32
		{78622AE2-6C74-4A72-80D5-AC3AA11FC68B}.Release|x86.ActiveCfg = Release|Win32
		{78622AE2-6C74-4A72-80D5-AC3AA11FC68B}.Release|x86.Build.0 = Release|Win32
	EndGlobalSection
	GlobalSection(SolutionProperties) = preSolution
		HideSolutionNode = FALSE
	EndGlobalSection
EndGlobal
